Microsoft Visual Studio Solution File, Format Version 12.00
# Visual Studio 2012
Project("{FAE04EC0-301F-11D3-BF4B-00C04F79EFBC}") = "Card_Game", "Card_Game.csproj", "{ED2CB521-D498-46D8-B472-E5864D4AA7D0}"
EndProject
Global
	GlobalSection(SolutionConfigurationPlatforms) = preSolution
	Debug|Any CPU = Debug|Any CPU
	ExportDebug|Any CPU = ExportDebug|Any CPU
	ExportRelease|Any CPU = ExportRelease|Any CPU
	EndGlobalSection
	GlobalSection(ProjectConfigurationPlatforms) = postSolution
		{ED2CB521-D498-46D8-B472-E5864D4AA7D0}.Debug|Any CPU.ActiveCfg = Debug|Any CPU
		{ED2CB521-D498-46D8-B472-E5864D4AA7D0}.Debug|Any CPU.Build.0 = Debug|Any CPU
		{ED2CB521-D498-46D8-B472-E5864D4AA7D0}.ExportDebug|Any CPU.ActiveCfg = ExportDebug|Any CPU
		{ED2CB521-D498-46D8-B472-E5864D4AA7D0}.ExportDebug|Any CPU.Build.0 = ExportDebug|Any CPU
		{ED2CB521-D498-46D8-B472-E5864D4AA7D0}.ExportRelease|Any CPU.ActiveCfg = ExportRelease|Any CPU
		{ED2CB521-D498-46D8-B472-E5864D4AA7D0}.ExportRelease|Any CPU.Build.0 = ExportRelease|Any CPU
	EndGlobalSection
EndGlobal
